
Microsoft Visual Studio Solution File, Format Version 12.00
# Visual Studio Version 17
VisualStudioVersion = 17.13.35931.197 d17.13
MinimumVisualStudioVersion = 10.0.40219.1
Project("{FAE04EC0-301F-11D3-BF4B-00C04F79EFBC}") = "ProductsAPI", "ProductosTransaccionesAPI\ProductsAPI.csproj", "{22AB00CF-1C87-4E6B-9C97-2A3A43ACBE32}"
EndProject
Global
	GlobalSection(SolutionConfigurationPlatforms) = preSolution
		Debug|Any CPU = Debug|Any CPU
		Release|Any CPU = Release|Any CPU
	EndGlobalSection
	GlobalSection(ProjectConfigurationPlatforms) = postSolution
		{22AB00CF-1C87-4E6B-9C97-2A3A43ACBE32}.Debug|Any CPU.ActiveCfg = Debug|Any CPU
		{22AB00CF-1C87-4E6B-9C97-2A3A43ACBE32}.Debug|Any CPU.Build.0 = Debug|Any CPU
		{22AB00CF-1C87-4E6B-9C97-2A3A43ACBE32}.Release|Any CPU.ActiveCfg = Release|Any CPU
		{22AB00CF-1C87-4E6B-9C97-2A3A43ACBE32}.Release|Any CPU.Build.0 = Release|Any CPU
	EndGlobalSection
	GlobalSection(SolutionProperties) = preSolution
		HideSolutionNode = FALSE
	EndGlobalSection
	GlobalSection(ExtensibilityGlobals) = postSolution
		SolutionGuid = {49A55FD3-4DD0-4A41-BB6E-90E5220F9AE5}
	EndGlobalSection
EndGlobal
